
Microsoft Visual Studio Solution File, Format Version 12.00
# Visual Studio Version 16
VisualStudioVersion = 16.6.30114.105
MinimumVisualStudioVersion = 10.0.40219.1
Project("{2150E333-8FDC-42A3-9474-1A3956D46DE8}") = "src", "src", "{66841AF0-B909-11EB-AC63-3DCEE3939E04}"
EndProject
Project("{FAE04EC0-301F-11D3-BF4B-00C04F79EFBC}") = "ReavivaMe.Api", "src\ReavivaMe.Api\ReavivaMe.Api.csproj", "{784B017B-97D5-41E6-A64A-389CD8F33FF8}"
EndProject
Project("{FAE04EC0-301F-11D3-BF4B-00C04F79EFBC}") = "ReavivaMe.Domain", "src\ReavivaMe.Domain\ReavivaMe.Domain.csproj", "{A13EAA7D-8859-472E-9CD5-4807B98943A0}"
EndProject
Project("{2150E333-8FDC-42A3-9474-1A3956D46DE8}") = "tests", "tests", "{03F547F0-B90A-11EB-AC63-3DCEE3939E04}"
EndProject
Project("{FAE04EC0-301F-11D3-BF4B-00C04F79EFBC}") = "ReavivaMe.Api.Test", "tests\ReavivaMe.Test\ReavivaMe.Api.Test.csproj", "{4FE093AB-B996-4A67-AB4C-8720C88FA7F9}"
EndProject
Project("{FAE04EC0-301F-11D3-BF4B-00C04F79EFBC}") = "ReavivaMe.Domain.Test", "tests\ReavivaMe.Domain.Test\ReavivaMe.Domain.Test.csproj", "{80E4910A-2370-4725-B179-50158E5B53C2}"
EndProject
Project("{FAE04EC0-301F-11D3-BF4B-00C04F79EFBC}") = "ReavivaMe.Infra", "src\ReavivaMe.Infra\ReavivaMe.Infra.csproj", "{C9AD716E-014C-4583-8374-4767EEAF64D8}"
EndProject
Global
	GlobalSection(SolutionConfigurationPlatforms) = preSolution
		Debug|Any CPU = Debug|Any CPU
		Debug|x64 = Debug|x64
		Debug|x86 = Debug|x86
		Release|Any CPU = Release|Any CPU
		Release|x64 = Release|x64
		Release|x86 = Release|x86
	EndGlobalSection
	GlobalSection(SolutionProperties) = preSolution
		HideSolutionNode = FALSE
	EndGlobalSection
	GlobalSection(ProjectConfigurationPlatforms) = postSolution
		{784B017B-97D5-41E6-A64A-389CD8F33FF8}.Debug|Any CPU.ActiveCfg = Debug|Any CPU
		{784B017B-97D5-41E6-A64A-389CD8F33FF8}.Debug|Any CPU.Build.0 = Debug|Any CPU
		{784B017B-97D5-41E6-A64A-389CD8F33FF8}.Debug|x64.ActiveCfg = Debug|Any CPU
		{784B017B-97D5-41E6-A64A-389CD8F33FF8}.Debug|x64.Build.0 = Debug|Any CPU
		{784B017B-97D5-41E6-A64A-389CD8F33FF8}.Debug|x86.ActiveCfg = Debug|Any CPU
		{784B017B-97D5-41E6-A64A-389CD8F33FF8}.Debug|x86.Build.0 = Debug|Any CPU
		{784B017B-97D5-41E6-A64A-389CD8F33FF8}.Release|Any CPU.ActiveCfg = Release|Any CPU
		{784B017B-97D5-41E6-A64A-389CD8F33FF8}.Release|Any CPU.Build.0 = Release|Any CPU
		{784B017B-97D5-41E6-A64A-389CD8F33FF8}.Release|x64.ActiveCfg = Release|Any CPU
		{784B017B-97D5-41E6-A64A-389CD8F33FF8}.Release|x64.Build.0 = Release|Any CPU
		{784B017B-97D5-41E6-A64A-389CD8F33FF8}.Release|x86.ActiveCfg = Release|Any CPU
		{784B017B-97D5-41E6-A64A-389CD8F33FF8}.Release|x86.Build.0 = Release|Any CPU
		{A13EAA7D-8859-472E-9CD5-4807B98943A0}.Debug|Any CPU.ActiveCfg = Debug|Any CPU
		{A13EAA7D-8859-472E-9CD5-4807B98943A0}.Debug|Any CPU.Build.0 = Debug|Any CPU
		{A13EAA7D-8859-472E-9CD5-4807B98943A0}.Debug|x64.ActiveCfg = Debug|Any CPU
		{A13EAA7D-8859-472E-9CD5-4807B98943A0}.Debug|x64.Build.0 = Debug|Any CPU
		{A13EAA7D-8859-472E-9CD5-4807B98943A0}.Debug|x86.ActiveCfg = Debug|Any CPU
		{A13EAA7D-8859-472E-9CD5-4807B98943A0}.Debug|x86.Build.0 = Debug|Any CPU
		{A13EAA7D-8859-472E-9CD5-4807B98943A0}.Release|Any CPU.ActiveCfg = Release|Any CPU
		{A13EAA7D-8859-472E-9CD5-4807B98943A0}.Release|Any CPU.Build.0 = Release|Any CPU
		{A13EAA7D-8859-472E-9CD5-4807B98943A0}.Release|x64.ActiveCfg = Release|Any CPU
		{A13EAA7D-8859-472E-9CD5-4807B98943A0}.Release|x64.Build.0 = Release|Any CPU
		{A13EAA7D-8859-472E-9CD5-4807B98943A0}.Release|x86.ActiveCfg = Release|Any CPU
		{A13EAA7D-8859-472E-9CD5-4807B98943A0}.Release|x86.Build.0 = Release|Any CPU
		{4FE093AB-B996-4A67-AB4C-8720C88FA7F9}.Debug|Any CPU.ActiveCfg = Debug|Any CPU
		{4FE093AB-B996-4A67-AB4C-8720C88FA7F9}.Debug|Any CPU.Build.0 = Debug|Any CPU
		{4FE093AB-B996-4A67-AB4C-8720C88FA7F9}.Debug|x64.ActiveCfg = Debug|Any CPU
		{4FE093AB-B996-4A67-AB4C-8720C88FA7F9}.Debug|x64.Build.0 = Debug|Any CPU
		{4FE093AB-B996-4A67-AB4C-8720C88FA7F9}.Debug|x86.ActiveCfg = Debug|Any CPU
		{4FE093AB-B996-4A67-AB4C-8720C88FA7F9}.Debug|x86.Build.0 = Debug|Any CPU
		{4FE093AB-B996-4A67-AB4C-8720C88FA7F9}.Release|Any CPU.ActiveCfg = Release|Any CPU
		{4FE093AB-B996-4A67-AB4C-8720C88FA7F9}.Release|Any CPU.Build.0 = Release|Any CPU
		{4FE093AB-B996-4A67-AB4C-8720C88FA7F9}.Release|x64.ActiveCfg = Release|Any CPU
		{4FE093AB-B996-4A67-AB4C-8720C88FA7F9}.Release|x64.Build.0 = Release|Any CPU
		{4FE093AB-B996-4A67-AB4C-8720C88FA7F9}.Release|x86.ActiveCfg = Release|Any CPU
		{4FE093AB-B996-4A67-AB4C-8720C88FA7F9}.Release|x86.Build.0 = Release|Any CPU
		{80E4910A-2370-4725-B179-50158E5B53C2}.Debug|Any CPU.ActiveCfg = Debug|Any CPU
		{80E4910A-2370-4725-B179-50158E5B53C2}.Debug|Any CPU.Build.0 = Debug|Any CPU
		{80E4910A-2370-4725-B179-50158E5B53C2}.Debug|x64.ActiveCfg = Debug|Any CPU
		{80E4910A-2370-4725-B179-50158E5B53C2}.Debug|x64.Build.0 = Debug|Any CPU
		{80E4910A-2370-4725-B179-50158E5B53C2}.Debug|x86.ActiveCfg = Debug|Any CPU
		{80E4910A-2370-4725-B179-50158E5B53C2}.Debug|x86.Build.0 = Debug|Any CPU
		{80E4910A-2370-4725-B179-50158E5B53C2}.Release|Any CPU.ActiveCfg = Release|Any CPU
		{80E4910A-2370-4725-B179-50158E5B53C2}.Release|Any CPU.Build.0 = Release|Any CPU
		{80E4910A-2370-4725-B179-50158E5B53C2}.Release|x64.ActiveCfg = Release|Any CPU
		{80E4910A-2370-4725-B179-50158E5B53C2}.Release|x64.Build.0 = Release|Any CPU
		{80E4910A-2370-4725-B179-50158E5B53C2}.Release|x86.ActiveCfg = Release|Any CPU
		{80E4910A-2370-4725-B179-50158E5B53C2}.Release|x86.Build.0 = Release|Any CPU
		{C9AD716E-014C-4583-8374-4767EEAF64D8}.Debug|Any CPU.ActiveCfg = Debug|Any CPU
		{C9AD716E-014C-4583-8374-4767EEAF64D8}.Debug|Any CPU.Build.0 = Debug|Any CPU
		{C9AD716E-014C-4583-8374-4767EEAF64D8}.Debug|x64.ActiveCfg = Debug|Any CPU
		{C9AD716E-014C-4583-8374-4767EEAF64D8}.Debug|x64.Build.0 = Debug|Any CPU
		{C9AD716E-014C-4583-8374-4767EEAF64D8}.Debug|x86.ActiveCfg = Debug|Any CPU
		{C9AD716E-014C-4583-8374-4767EEAF64D8}.Debug|x86.Build.0 = Debug|Any CPU
		{C9AD716E-014C-4583-8374-4767EEAF64D8}.Release|Any CPU.ActiveCfg = Release|Any CPU
		{C9AD716E-014C-4583-8374-4767EEAF64D8}.Release|Any CPU.Build.0 = Release|Any CPU
		{C9AD716E-014C-4583-8374-4767EEAF64D8}.Release|x64.ActiveCfg = Release|Any CPU
		{C9AD716E-014C-4583-8374-4767EEAF64D8}.Release|x64.Build.0 = Release|Any CPU
		{C9AD716E-014C-4583-8374-4767EEAF64D8}.Release|x86.ActiveCfg = Release|Any CPU
		{C9AD716E-014C-4583-8374-4767EEAF64D8}.Release|x86.Build.0 = Release|Any CPU
	EndGlobalSection
	GlobalSection(NestedProjects) = preSolution
		{784B017B-97D5-41E6-A64A-389CD8F33FF8} = {66841AF0-B909-11EB-AC63-3DCEE3939E04}
		{A13EAA7D-8859-472E-9CD5-4807B98943A0} = {66841AF0-B909-11EB-AC63-3DCEE3939E04}
		{4FE093AB-B996-4A67-AB4C-8720C88FA7F9} = {03F547F0-B90A-11EB-AC63-3DCEE3939E04}
		{80E4910A-2370-4725-B179-50158E5B53C2} = {03F547F0-B90A-11EB-AC63-3DCEE3939E04}
		{C9AD716E-014C-4583-8374-4767EEAF64D8} = {66841AF0-B909-11EB-AC63-3DCEE3939E04}
	EndGlobalSection
EndGlobal
